PODS:
  - AppGuard (0.1.0):
    - AppGuard/FirebaseRemoteConfig (= 0.1.0)
    - Jelly (~> 1.2)
  - AppGuard/FirebaseRemoteConfig (0.1.0):
    - Firebase/RemoteConfig (~> 4.10)
    - Jelly (~> 1.2)
  - Extra/UIKit (1.1.1)
  - Firebase/Core (4.10.1):
    - FirebaseAnalytics (= 4.1.0)
    - FirebaseCore (= 4.0.17)
  - Firebase/RemoteConfig (4.10.1):
    - Firebase/Core
    - FirebaseRemoteConfig (= 2.1.2)
  - FirebaseABTesting (1.0.0):
    - FirebaseCore (~> 4.0)
    - Protobuf (~> 3.1)
  - FirebaseAnalytics (4.1.0):
    - FirebaseCore (~> 4.0)
    - FirebaseInstanceID (~> 2.0)
    - GoogleToolboxForMac/NSData+zlib (~> 2.1)
    - nanopb (~> 0.3)
  - FirebaseCore (4.0.17):
    - GoogleToolboxForMac/NSData+zlib (~> 2.1)
  - FirebaseInstanceID (2.0.9):
    - FirebaseCore (~> 4.0)
  - FirebaseRemoteConfig (2.1.2):
    - FirebaseABTesting (~> 1.0)
    - FirebaseAnalytics (~> 4.0)
    - FirebaseCore (~> 4.0)
    - FirebaseInstanceID (~> 2.0)
    - GoogleToolboxForMac/NSData+zlib (~> 2.1)
    - Protobuf (~> 3.1)
  - GoogleToolboxForMac/Defines (2.1.3)
  - GoogleToolboxForMac/NSData+zlib (2.1.3):
    - GoogleToolboxForMac/Defines (= 2.1.3)
  - Jelly (1.2.4)
  - Kingfisher (4.6.3)
  - lottie-ios (2.5.0)
  - nanopb (0.3.8):
    - nanopb/decode (= 0.3.8)
    - nanopb/encode (= 0.3.8)
  - nanopb/decode (0.3.8)
  - nanopb/encode (0.3.8)
  - Protobuf (3.5.0)
  - SwiftDate (4.5.1)
  - SwiftLint (0.25.0)

DEPENDENCIES:
  - AppGuard (from `../`)
  - AppGuard/FirebaseRemoteConfig (from `../`)
  - Extra/UIKit
  - Kingfisher
  - lottie-ios
  - SwiftDate (~> 4.5.1)
  - SwiftLint

EXTERNAL SOURCES:
  AppGuard:
    :path: ../

SPEC CHECKSUMS:
  AppGuard: ee892af388d91c208d3ee79c018ae3210b280e8a
  Extra: 7c4e5aff4904ecdadc615f63d4c2f0c20910c028
  Firebase: 92c6ba593e32db0defde464a9adc981d5cb49f97
  FirebaseABTesting: d07d0ee833b842d5153549e4c7e2e2cb1c23a3f9
  FirebaseAnalytics: 3dfae28d4a5e06f86c4fae830efc2ad3fadb19bc
  FirebaseCore: 872307b001bbefda1dfa0dbfffa50a6919023d4a
  FirebaseInstanceID: d2058a35e9bebda1b6dd42486b84917bde552a9d
  FirebaseRemoteConfig: df64ce784a45e9b9d4988030a59da6baede8bdb0
  GoogleToolboxForMac: 2501e2ad72a52eb3dfe7bd9aee7dad11b858bd20
  Jelly: 70e542dd201460211f0f20042bc2c2d31ae239a1
  Kingfisher: 98e6d5b5e807645743e8ed5ececd25d688d38452
  lottie-ios: d699fdee68d7b63e721d949388b015fef1aaa4ac
  nanopb: 5601e6bca2dbf1ed831b519092ec110f66982ca3
  Protobuf: 8a9838fba8dae3389230e1b7f8c104aa32389c03
  SwiftDate: 7b56d42a221f582047287deb256b23fc5ed49a60
  SwiftLint: e14651157288e9e01d6e1a71db7014fb5744a8ea

PODFILE CHECKSUM: 8b97071ca2fa5feaad9e1e76fb11395851ca2fc4

COCOAPODS: 1.4.0
